// !$*UTF8*$!
{
	archiveVersion = 1;
	classes = {
	};
	objectVersion = 77;
	objects = {

/* Begin PBXBuildFile section */
		A47327AF2FA17E2C009B2BC7 /* PRLiftsCore in Frameworks */ = {isa = PBXBuildFile; productRef = A47327AE2FA17E2C009B2BC7 /* PRLiftsCore */; };
/* End PBXBuildFile section */

/* Begin PBXContainerItemProxy section */
		A47327902FA066AE009B2BC7 /* PBXContainerItemProxy */ = {
			isa = PBXContainerItemProxy;
			containerPortal = A473277A2FA066AD009B2BC7 /* Project object */;
			proxyType = 1;
			remoteGlobalIDString = A47327812FA066AD009B2BC7;
			remoteInfo = PRLifts;
		};
		A473279A2FA066AE009B2BC7 /* PBXContainerItemProxy */ = {
			isa = PBXContainerItemProxy;
			containerPortal = A473277A2FA066AD009B2BC7 /* Project object */;
			proxyType = 1;
			remoteGlobalIDString = A47327812FA066AD009B2BC7;
			remoteInfo = PRLifts;
		};
/* End PBXContainerItemProxy section */

/* Begin PBXFileReference section */
		A47327822FA066AD009B2BC7 /* PRLifts.app */ = {isa = PBXFileReference; explicitFileType = wrapper.application; includeInIndex = 0; path = PRLifts.app; sourceTree = BUILT_PRODUCTS_DIR; };
		A473278F2FA066AE009B2BC7 /* PRLiftsTests.xctest */ = {isa = PBXFileReference; explicitFileType = wrapper.cfbundle; includeInIndex = 0; path = PRLiftsTests.xctest; sourceTree = BUILT_PRODUCTS_DIR; };
		A47327992FA066AE009B2BC7 /* PRLiftsUITests.xctest */ = {isa = PBXFileReference; explicitFileType = wrapper.cfbundle; includeInIndex = 0; path = PRLiftsUITests.xctest; sourceTree = BUILT_PRODUCTS_DIR; };
		A47327AC2FA17D00009B2BC7 /* PRLiftsCore */ = {isa = PBXFileReference; lastKnownFileType = wrapper; name = PRLiftsCore; path = ../PRLiftsCore; sourceTree = SOURCE_ROOT; };
/* End PBXFileReference section */

/* Begin PBXFileSystemSynchronizedRootGroup section */
		A47327842FA066AD009B2BC7 /* PRLifts */ = {
			isa = PBXFileSystemSynchronizedRootGroup;
			path = PRLifts;
			sourceTree = "<group>";
		};
		A47327922FA066AE009B2BC7 /* PRLiftsTests */ = {
			isa = PBXFileSystemSynchronizedRootGroup;
			path = PRLiftsTests;
			sourceTree = "<group>";
		};
		A473279C2FA066AE009B2BC7 /* PRLiftsUITests */ = {
			isa = PBXFileSystemSynchronizedRootGroup;
			path = PRLiftsUITests;
			sourceTree = "<group>";
		};
/* End PBXFileSystemSynchronizedRootGroup section */

/* Begin PBXFrameworksBuildPhase section */
		A473277F2FA066AD009B2BC7 /* Frameworks */ = {
			isa = PBXFrameworksBuildPhase;
			buildActionMask = 2147483647;
			files = (
				A47327AF2FA17E2C009B2BC7 /* PRLiftsCore in Frameworks */,
			);
			runOnlyForDeploymentPostprocessing = 0;
		};
		A473278C2FA066AE009B2BC7 /* Frameworks */ = {
			isa = PBXFrameworksBuildPhase;
			buildActionMask = 2147483647;
			files = (
			);
			runOnlyForDeploymentPostprocessing = 0;
		};
		A47327962FA066AE009B2BC7 /* Frameworks */ = {
			isa = PBXFrameworksBuildPhase;
			buildActionMask = 2147483647;
			files = (
			);
			runOnlyForDeploymentPostprocessing = 0;
		};
/* End PBXFrameworksBuildPhase section */

/* Begin PBXGroup section */
		A47327792FA066AD009B2BC7 = {
			isa = PBXGroup;
			children = (
				A47327AC2FA17D00009B2BC7 /* PRLiftsCore */,
				A47327842FA066AD009B2BC7 /* PRLifts */,
				A47327922FA066AE009B2BC7 /* PRLiftsTests */,
				A473279C2FA066AE009B2BC7 /* PRLiftsUITests */,
				A47327AD2FA17E2C009B2BC7 /* Frameworks */,
				A47327832FA066AD009B2BC7 /* Products */,
			);
			sourceTree = "<group>";
		};
		A47327832FA066AD009B2BC7 /* Products */ = {
			isa = PBXGroup;
			children = (
				A47327822FA066AD009B2BC7 /* PRLifts.app */,
				A473278F2FA066AE009B2BC7 /* PRLiftsTests.xctest */,
				A47327992FA066AE009B2BC7 /* PRLiftsUITests.xctest */,
			);
			name = Products;
			sourceTree = "<group>";
		};
		A47327AD2FA17E2C009B2BC7 /* Frameworks */ = {
			isa = PBXGroup;
			children = (
			);
			name = Frameworks;
			sourceTree = "<group>";
		};
/* End PBXGroup section */

/* Begin PBXNativeTarget section */
		A47327812FA066AD009B2BC7 /* PRLifts */ = {
			isa = PBXNativeTarget;
			buildConfigurationList = A47327A32FA066AE009B2BC7 /* Build configuration list for PBXNativeTarget "PRLifts" */;
			buildPhases = (
				A473277E2FA066AD009B2BC7 /* Sources */,
				A473277F2FA066AD009B2BC7 /* Frameworks */,
				A47327802FA066AD009B2BC7 /* Resources */,
			);
			buildRules = (
			);
			dependencies = (
			);
			fileSystemSynchronizedGroups = (
				A47327842FA066AD009B2BC7 /* PRLifts */,
			);
			name = PRLifts;
			packageProductDependencies = (
				A47327AE2FA17E2C009B2BC7 /* PRLiftsCore */,
			);
			productName = PRLifts;
			productReference = A47327822FA066AD009B2BC7 /* PRLifts.app */;
			productType = "com.apple.product-type.application";
		};
		A473278E2FA066AE009B2BC7 /* PRLiftsTests */ = {
			isa = PBXNativeTarget;
			buildConfigurationList = A47327A62FA066AE009B2BC7 /* Build configuration list for PBXNativeTarget "PRLiftsTests" */;
			buildPhases = (
				A473278B2FA066AE009B2BC7 /* Sources */,
				A473278C2FA066AE009B2BC7 /* Frameworks */,
				A473278D2FA066AE009B2BC7 /* Resources */,
			);
			buildRules = (
			);
			dependencies = (
				A47327912FA066AE009B2BC7 /* PBXTargetDependency */,
			);
			fileSystemSynchronizedGroups = (
				A47327922FA066AE009B2BC7 /* PRLiftsTests */,
			);
			name = PRLiftsTests;
			packageProductDependencies = (
			);
			productName = PRLiftsTests;
			productReference = A473278F2FA066AE009B2BC7 /* PRLiftsTests.xctest */;
			productType = "com.apple.product-type.bundle.unit-test";
		};
		A47327982FA066AE009B2BC7 /* PRLiftsUITests */ = {
			isa = PBXNativeTarget;
			buildConfigurationList = A47327A92FA066AE009B2BC7 /* Build configuration list for PBXNativeTarget "PRLiftsUITests" */;
			buildPhases = (
				A47327952FA066AE009B2BC7 /* Sources */,
				A47327962FA066AE009B2BC7 /* Frameworks */,
				A47327972FA066AE009B2BC7 /* Resources */,
			);
			buildRules = (
			);
			dependencies = (
				A473279B2FA066AE009B2BC7 /* PBXTargetDependency */,
			);
			fileSystemSynchronizedGroups = (
				A473279C2FA066AE009B2BC7 /* PRLiftsUITests */,
			);
			name = PRLiftsUITests;
			packageProductDependencies = (
			);
			productName = PRLiftsUITests;
			productReference = A47327992FA066AE009B2BC7 /* PRLiftsUITests.xctest */;
			productType = "com.apple.product-type.bundle.ui-testing";
		};
/* End PBXNativeTarget section */

/* Begin PBXProject section */
		A473277A2FA066AD009B2BC7 /* Project object */ = {
			isa = PBXProject;
			attributes = {
				BuildIndependentTargetsInParallel = 1;
				LastSwiftUpdateCheck = 2630;
				LastUpgradeCheck = 2630;
				TargetAttributes = {
					A47327812FA066AD009B2BC7 = {
						CreatedOnToolsVersion = 26.3;
					};
					A473278E2FA066AE009B2BC7 = {
						CreatedOnToolsVersion = 26.3;
						TestTargetID = A47327812FA066AD009B2BC7;
					};
					A47327982FA066AE009B2BC7 = {
						CreatedOnToolsVersion = 26.3;
						TestTargetID = A47327812FA066AD009B2BC7;
					};
				};
			};
			buildConfigurationList = A473277D2FA066AD009B2BC7 /* Build configuration list for PBXProject "PRLifts" */;
			developmentRegion = en;
			hasScannedForEncodings = 0;
			knownRegions = (
				en,
				Base,
			);
			mainGroup = A47327792FA066AD009B2BC7;
			minimizedProjectReferenceProxies = 1;
			preferredProjectObjectVersion = 77;
			productRefGroup = A47327832FA066AD009B2BC7 /* Products */;
			projectDirPath = "";
			projectRoot = "";
			targets = (
				A47327812FA066AD009B2BC7 /* PRLifts */,
				A473278E2FA066AE009B2BC7 /* PRLiftsTests */,
				A47327982FA066AE009B2BC7 /* PRLiftsUITests */,
			);
		};
/* End PBXProject section */

/* Begin PBXResourcesBuildPhase section */
		A47327802FA066AD009B2BC7 /* Resources */ = {
			isa = PBXResourcesBuildPhase;
			buildActionMask = 2147483647;
			files = (
			);
			runOnlyForDeploymentPostprocessing = 0;
		};
		A473278D2FA066AE009B2BC7 /* Resources */ = {
			isa = PBXResourcesBuildPhase;
			buildActionMask = 2147483647;
			files = (
			);
			runOnlyForDeploymentPostprocessing = 0;
		};
		A47327972FA066AE009B2BC7 /* Resources */ = {
			isa = PBXResourcesBuildPhase;
			buildActionMask = 2147483647;
			files = (
			);
			runOnlyForDeploymentPostprocessing = 0;
		};
/* End PBXResourcesBuildPhase section */

/* Begin PBXSourcesBuildPhase section */
		A473277E2FA066AD009B2BC7 /* Sources */ = {
			isa = PBXSourcesBuildPhase;
			buildActionMask = 2147483647;
			files = (
			);
			runOnlyForDeploymentPostprocessing = 0;
		};
		A473278B2FA066AE009B2BC7 /* Sources */ = {
			isa = PBXSourcesBuildPhase;
			buildActionMask = 2147483647;
			files = (
			);
			runOnlyForDeploymentPostprocessing = 0;
		};
		A47327952FA066AE009B2BC7 /* Sources */ = {
			isa = PBXSourcesBuildPhase;
			buildActionMask = 2147483647;
			files = (
			);
			runOnlyForDeploymentPostprocessing = 0;
		};
/* End PBXSourcesBuildPhase section */

/* Begin PBXTargetDependency section */
		A47327912FA066AE009B2BC7 /* PBXTargetDependency */ = {
			isa = PBXTargetDependency;
			target = A47327812FA066AD009B2BC7 /* PRLifts */;
			targetProxy = A47327902FA066AE009B2BC7 /* PBXContainerItemProxy */;
		};
		A473279B2FA066AE009B2BC7 /* PBXTargetDependency */ = {
			isa = PBXTargetDependency;
			target = A47327812FA066AD009B2BC7 /* PRLifts */;
			targetProxy = A473279A2FA066AE009B2BC7 /* PBXContainerItemProxy */;
		};
/* End PBXTargetDependency section */

/* Begin XCBuildConfiguration section */
		A47327A12FA066AE009B2BC7 /* Debug */ = {
			isa = XCBuildConfiguration;
			buildSettings = {
				ALWAYS_SEARCH_USER_PATHS = NO;
				ASSETCATALOG_COMPILER_GENERATE_SWIFT_ASSET_SYMBOL_EXTENSIONS = YES;
				CLANG_ANALYZER_NONNULL = YES;
				CLANG_ANALYZER_NUMBER_OBJECT_CONVERSION = YES_AGGRESSIVE;
				CLANG_CXX_LANGUAGE_STANDARD = "gnu++20";
				CLANG_ENABLE_MODULES = YES;
				CLANG_ENABLE_OBJC_ARC = YES;
				CLANG_ENABLE_OBJC_WEAK = YES;
				CLANG_WARN_BLOCK_CAPTURE_AUTORELEASING = YES;
				CLANG_WARN_BOOL_CONVERSION = YES;
				CLANG_WARN_COMMA = YES;
				CLANG_WARN_CONSTANT_CONVERSION = YES;
				CLANG_WARN_DEPRECATED_OBJC_IMPLEMENTATIONS = YES;
				CLANG_WARN_DIRECT_OBJC_ISA_USAGE = YES_ERROR;
				CLANG_WARN_DOCUMENTATION_COMMENTS = YES;
				CLANG_WARN_EMPTY_BODY = YES;
				CLANG_WARN_ENUM_CONVERSION = YES;
				CLANG_WARN_INFINITE_RECURSION = YES;
				CLANG_WARN_INT_CONVERSION = YES;
				CLANG_WARN_NON_LITERAL_NULL_CONVERSION = YES;
				CLANG_WARN_OBJC_IMPLICIT_RETAIN_SELF = YES;
				CLANG_WARN_OBJC_LITERAL_CONVERSION = YES;
				CLANG_WARN_OBJC_ROOT_CLASS = YES_ERROR;
				CLANG_WARN_QUOTED_INCLUDE_IN_FRAMEWORK_HEADER = YES;
				CLANG_WARN_RANGE_LOOP_ANALYSIS = YES;
				CLANG_WARN_STRICT_PROTOTYPES = YES;
				CLANG_WARN_SUSPICIOUS_MOVE = YES;
				CLANG_WARN_UNGUARDED_AVAILABILITY = YES_AGGRESSIVE;
				CLANG_WARN_UNREACHABLE_CODE = YES;
				CLANG_WARN__DUPLICATE_METHOD_MATCH = YES;
				COPY_PHASE_STRIP = NO;
				DEBUG_INFORMATION_FORMAT = dwarf;
				DEVELOPMENT_TEAM = 5R3A23MRJW;
				ENABLE_STRICT_OBJC_MSGSEND = YES;
				ENABLE_TESTABILITY = YES;
				ENABLE_USER_SCRIPT_SANDBOXING = YES;
				GCC_C_LANGUAGE_STANDARD = gnu17;
				GCC_DYNAMIC_NO_PIC = NO;
				GCC_NO_COMMON_BLOCKS = YES;
				GCC_OPTIMIZATION_LEVEL = 0;
				GCC_PREPROCESSOR_DEFINITIONS = (
					"DEBUG=1",
					"$(inherited)",
				);
				GCC_WARN_64_TO_32_BIT_CONVERSION = YES;
				GCC_WARN_ABOUT_RETURN_TYPE = YES_ERROR;
				GCC_WARN_UNDECLARED_SELECTOR = YES;
				GCC_WARN_UNINITIALIZED_AUTOS = YES_AGGRESSIVE;
				GCC_WARN_UNUSED_FUNCTION = YES;
				GCC_WARN_UNUSED_VARIABLE = YES;
				IPHONEOS_DEPLOYMENT_TARGET = 26.2;
				LOCALIZATION_PREFERS_STRING_CATALOGS = YES;
				MTL_ENABLE_DEBUG_INFO = INCLUDE_SOURCE;
				MTL_FAST_MATH = YES;
				ONLY_ACTIVE_ARCH = YES;
				SDKROOT = iphoneos;
				SWIFT_ACTIVE_COMPILATION_CONDITIONS = "DEBUG $(inherited)";
				SWIFT_OPTIMIZATION_LEVEL = "-Onone";
			};
			name = Debug;
		};
		A47327A22FA066AE009B2BC7 /* Release */ = {
			isa = XCBuildConfiguration;
			buildSettings = {
				ALWAYS_SEARCH_USER_PATHS = NO;
				ASSETCATALOG_COMPILER_GENERATE_SWIFT_ASSET_SYMBOL_EXTENSIONS = YES;
				CLANG_ANALYZER_NONNULL = YES;
				CLANG_ANALYZER_NUMBER_OBJECT_CONVERSION = YES_AGGRESSIVE;
				CLANG_CXX_LANGUAGE_STANDARD = "gnu++20";
				CLANG_ENABLE_MODULES = YES;
				CLANG_ENABLE_OBJC_ARC = YES;
				CLANG_ENABLE_OBJC_WEAK = YES;
				CLANG_WARN_BLOCK_CAPTURE_AUTORELEASING = YES;
				CLANG_WARN_BOOL_CONVERSION = YES;
				CLANG_WARN_COMMA = YES;
				CLANG_WARN_CONSTANT_CONVERSION = YES;
				CLANG_WARN_DEPRECATED_OBJC_IMPLEMENTATIONS = YES;
				CLANG_WARN_DIRECT_OBJC_ISA_USAGE = YES_ERROR;
				CLANG_WARN_DOCUMENTATION_COMMENTS = YES;
				CLANG_WARN_EMPTY_BODY = YES;
				CLANG_WARN_ENUM_CONVERSION = YES;
				CLANG_WARN_INFINITE_RECURSION = YES;
				CLANG_WARN_INT_CONVERSION = YES;
				CLANG_WARN_NON_LITERAL_NULL_CONVERSION = YES;
				CLANG_WARN_OBJC_IMPLICIT_RETAIN_SELF = YES;
				CLANG_WARN_OBJC_LITERAL_CONVERSION = YES;
				CLANG_WARN_OBJC_ROOT_CLASS = YES_ERROR;
				CLANG_WARN_QUOTED_INCLUDE_IN_FRAMEWORK_HEADER = YES;
				CLANG_WARN_RANGE_LOOP_ANALYSIS = YES;
				CLANG_WARN_STRICT_PROTOTYPES = YES;
				CLANG_WARN_SUSPICIOUS_MOVE = YES;
				CLANG_WARN_UNGUARDED_AVAILABILITY = YES_AGGRESSIVE;
				CLANG_WARN_UNREACHABLE_CODE = YES;
				CLANG_WARN__DUPLICATE_METHOD_MATCH = YES;
				COPY_PHASE_STRIP = NO;
				DEBUG_INFORMATION_FORMAT = "dwarf-with-dsym";
				DEVELOPMENT_TEAM = 5R3A23MRJW;
				ENABLE_NS_ASSERTIONS = NO;
				ENABLE_STRICT_OBJC_MSGSEND = YES;
				ENABLE_USER_SCRIPT_SANDBOXING = YES;
				GCC_C_LANGUAGE_STANDARD = gnu17;
				GCC_NO_COMMON_BLOCKS = YES;
				GCC_WARN_64_TO_32_BIT_CONVERSION = YES;
				GCC_WARN_ABOUT_RETURN_TYPE = YES_ERROR;
				GCC_WARN_UNDECLARED_SELECTOR = YES;
				GCC_WARN_UNINITIALIZED_AUTOS = YES_AGGRESSIVE;
				GCC_WARN_UNUSED_FUNCTION = YES;
				GCC_WARN_UNUSED_VARIABLE = YES;
				IPHONEOS_DEPLOYMENT_TARGET = 26.2;
				LOCALIZATION_PREFERS_STRING_CATALOGS = YES;
				MTL_ENABLE_DEBUG_INFO = NO;
				MTL_FAST_MATH = YES;
				SDKROOT = iphoneos;
				SWIFT_COMPILATION_MODE = wholemodule;
				VALIDATE_PRODUCT = YES;
			};
			name = Release;
		};
		A47327A42FA066AE009B2BC7 /* Debug */ = {
			isa = XCBuildConfiguration;
			buildSettings = {
				ASSETCATALOG_COMPILER_APPICON_NAME = AppIcon;
				ASSETCATALOG_COMPILER_GLOBAL_ACCENT_COLOR_NAME = AccentColor;
				CODE_SIGN_ENTITLEMENTS = PRLifts/PRLifts.entitlements;
				CODE_SIGN_STYLE = Automatic;
				CURRENT_PROJECT_VERSION = 1;
				DEVELOPMENT_TEAM = 5R3A23MRJW;
				ENABLE_PREVIEWS = YES;
				GENERATE_INFOPLIST_FILE = YES;
				INFOPLIST_KEY_ITSAppUsesNonExemptEncryption = NO;
				INFOPLIST_KEY_UIApplicationSceneManifest_Generation = YES;
				INFOPLIST_KEY_UIApplicationSupportsIndirectInputEvents = YES;
				INFOPLIST_KEY_UILaunchScreen_Generation = YES;
				INFOPLIST_KEY_UISupportedInterfaceOrientations_iPad = "UIInterfaceOrientationPortrait UIInterfaceOrientationPortraitUpsideDown UIInterfaceOrientationLandscapeLeft UIInterfaceOrientationLandscapeRight";
				INFOPLIST_KEY_UISupportedInterfaceOrientations_iPhone = "UIInterfaceOrientationPortrait UIInterfaceOrientationLandscapeLeft UIInterfaceOrientationLandscapeRight";
				LD_RUNPATH_SEARCH_PATHS = (
					"$(inherited)",
					"@executable_path/Frameworks",
				);
				MARKETING_VERSION = 1.0;
				PRODUCT_BUNDLE_IDENTIFIER = app.prlifts.PRLifts;
				PRODUCT_NAME = "$(TARGET_NAME)";
				STRING_CATALOG_GENERATE_SYMBOLS = YES;
				SWIFT_APPROACHABLE_CONCURRENCY = YES;
				SWIFT_DEFAULT_ACTOR_ISOLATION = MainActor;
				SWIFT_EMIT_LOC_STRINGS = YES;
				SWIFT_UPCOMING_FEATURE_MEMBER_IMPORT_VISIBILITY = YES;
				SWIFT_VERSION = 5.0;
				TARGETED_DEVICE_FAMILY = "1,2";
			};
			name = Debug;
		};
		A47327A52FA066AE009B2BC7 /* Release */ = {
			isa = XCBuildConfiguration;
			buildSettings = {
				ASSETCATALOG_COMPILER_APPICON_NAME = AppIcon;
				ASSETCATALOG_COMPILER_GLOBAL_ACCENT_COLOR_NAME = AccentColor;
				CODE_SIGN_ENTITLEMENTS = PRLifts/PRLifts.entitlements;
				CODE_SIGN_STYLE = Automatic;
				CURRENT_PROJECT_VERSION = 1;
				DEVELOPMENT_TEAM = 5R3A23MRJW;
				ENABLE_PREVIEWS = YES;
				GENERATE_INFOPLIST_FILE = YES;
				INFOPLIST_KEY_ITSAppUsesNonExemptEncryption = NO;
				INFOPLIST_KEY_UIApplicationSceneManifest_Generation = YES;
				INFOPLIST_KEY_UIApplicationSupportsIndirectInputEvents = YES;
				INFOPLIST_KEY_UILaunchScreen_Generation = YES;
				INFOPLIST_KEY_UISupportedInterfaceOrientations_iPad = "UIInterfaceOrientationPortrait UIInterfaceOrientationPortraitUpsideDown UIInterfaceOrientationLandscapeLeft UIInterfaceOrientationLandscapeRight";
				INFOPLIST_KEY_UISupportedInterfaceOrientations_iPhone = "UIInterfaceOrientationPortrait UIInterfaceOrientationLandscapeLeft UIInterfaceOrientationLandscapeRight";
				LD_RUNPATH_SEARCH_PATHS = (
					"$(inherited)",
					"@executable_path/Frameworks",
				);
				MARKETING_VERSION = 1.0;
				PRODUCT_BUNDLE_IDENTIFIER = app.prlifts.PRLifts;
				PRODUCT_NAME = "$(TARGET_NAME)";
				STRING_CATALOG_GENERATE_SYMBOLS = YES;
				SWIFT_APPROACHABLE_CONCURRENCY = YES;
				SWIFT_DEFAULT_ACTOR_ISOLATION = MainActor;
				SWIFT_EMIT_LOC_STRINGS = YES;
				SWIFT_UPCOMING_FEATURE_MEMBER_IMPORT_VISIBILITY = YES;
				SWIFT_VERSION = 5.0;
				TARGETED_DEVICE_FAMILY = "1,2";
			};
			name = Release;
		};
		A47327A72FA066AE009B2BC7 /* Debug */ = {
			isa = XCBuildConfiguration;
			buildSettings = {
				BUNDLE_LOADER = "$(TEST_HOST)";
				CODE_SIGN_STYLE = Automatic;
				CURRENT_PROJECT_VERSION = 1;
				DEVELOPMENT_TEAM = 5R3A23MRJW;
				GENERATE_INFOPLIST_FILE = YES;
				IPHONEOS_DEPLOYMENT_TARGET = 26.2;
				MARKETING_VERSION = 1.0;
				PRODUCT_BUNDLE_IDENTIFIER = app.prlifts.PRLiftsTests;
				PRODUCT_NAME = "$(TARGET_NAME)";
				STRING_CATALOG_GENERATE_SYMBOLS = NO;
				SWIFT_APPROACHABLE_CONCURRENCY = YES;
				SWIFT_EMIT_LOC_STRINGS = NO;
				SWIFT_UPCOMING_FEATURE_MEMBER_IMPORT_VISIBILITY = YES;
				SWIFT_VERSION = 5.0;
				TARGETED_DEVICE_FAMILY = "1,2";
				TEST_HOST = "$(BUILT_PRODUCTS_DIR)/PRLifts.app/$(BUNDLE_EXECUTABLE_FOLDER_PATH)/PRLifts";
			};
			name = Debug;
		};
		A47327A82FA066AE009B2BC7 /* Release */ = {
			isa = XCBuildConfiguration;
			buildSettings = {
				BUNDLE_LOADER = "$(TEST_HOST)";
				CODE_SIGN_STYLE = Automatic;
				CURRENT_PROJECT_VERSION = 1;
				DEVELOPMENT_TEAM = 5R3A23MRJW;
				GENERATE_INFOPLIST_FILE = YES;
				IPHONEOS_DEPLOYMENT_TARGET = 26.2;
				MARKETING_VERSION = 1.0;
				PRODUCT_BUNDLE_IDENTIFIER = app.prlifts.PRLiftsTests;
				PRODUCT_NAME = "$(TARGET_NAME)";
				STRING_CATALOG_GENERATE_SYMBOLS = NO;
				SWIFT_APPROACHABLE_CONCURRENCY = YES;
				SWIFT_EMIT_LOC_STRINGS = NO;
				SWIFT_UPCOMING_FEATURE_MEMBER_IMPORT_VISIBILITY = YES;
				SWIFT_VERSION = 5.0;
				TARGETED_DEVICE_FAMILY = "1,2";
				TEST_HOST = "$(BUILT_PRODUCTS_DIR)/PRLifts.app/$(BUNDLE_EXECUTABLE_FOLDER_PATH)/PRLifts";
			};
			name = Release;
		};
		A47327AA2FA066AE009B2BC7 /* Debug */ = {
			isa = XCBuildConfiguration;
			buildSettings = {
				CODE_SIGN_STYLE = Automatic;
				CURRENT_PROJECT_VERSION = 1;
				DEVELOPMENT_TEAM = 5R3A23MRJW;
				GENERATE_INFOPLIST_FILE = YES;
				MARKETING_VERSION = 1.0;
				PRODUCT_BUNDLE_IDENTIFIER = app.prlifts.PRLiftsUITests;
				PRODUCT_NAME = "$(TARGET_NAME)";
				STRING_CATALOG_GENERATE_SYMBOLS = NO;
				SWIFT_APPROACHABLE_CONCURRENCY = YES;
				SWIFT_EMIT_LOC_STRINGS = NO;
				SWIFT_UPCOMING_FEATURE_MEMBER_IMPORT_VISIBILITY = YES;
				SWIFT_VERSION = 5.0;
				TARGETED_DEVICE_FAMILY = "1,2";
				TEST_TARGET_NAME = PRLifts;
			};
			name = Debug;
		};
		A47327AB2FA066AE009B2BC7 /* Release */ = {
			isa = XCBuildConfiguration;
			buildSettings = {
				CODE_SIGN_STYLE = Automatic;
				CURRENT_PROJECT_VERSION = 1;
				DEVELOPMENT_TEAM = 5R3A23MRJW;
				GENERATE_INFOPLIST_FILE = YES;
				MARKETING_VERSION = 1.0;
				PRODUCT_BUNDLE_IDENTIFIER = app.prlifts.PRLiftsUITests;
				PRODUCT_NAME = "$(TARGET_NAME)";
				STRING_CATALOG_GENERATE_SYMBOLS = NO;
				SWIFT_APPROACHABLE_CONCURRENCY = YES;
				SWIFT_EMIT_LOC_STRINGS = NO;
				SWIFT_UPCOMING_FEATURE_MEMBER_IMPORT_VISIBILITY = YES;
				SWIFT_VERSION = 5.0;
				TARGETED_DEVICE_FAMILY = "1,2";
				TEST_TARGET_NAME = PRLifts;
			};
			name = Release;
		};
/* End XCBuildConfiguration section */

/* Begin XCConfigurationList section */
		A473277D2FA066AD009B2BC7 /* Build configuration list for PBXProject "PRLifts" */ = {
			isa = XCConfigurationList;
			buildConfigurations = (
				A47327A12FA066AE009B2BC7 /* Debug */,
				A47327A22FA066AE009B2BC7 /* Release */,
			);
			defaultConfigurationIsVisible = 0;
			defaultConfigurationName = Release;
		};
		A47327A32FA066AE009B2BC7 /* Build configuration list for PBXNativeTarget "PRLifts" */ = {
			isa = XCConfigurationList;
			buildConfigurations = (
				A47327A42FA066AE009B2BC7 /* Debug */,
				A47327A52FA066AE009B2BC7 /* Release */,
			);
			defaultConfigurationIsVisible = 0;
			defaultConfigurationName = Release;
		};
		A47327A62FA066AE009B2BC7 /* Build configuration list for PBXNativeTarget "PRLiftsTests" */ = {
			isa = XCConfigurationList;
			buildConfigurations = (
				A47327A72FA066AE009B2BC7 /* Debug */,
				A47327A82FA066AE009B2BC7 /* Release */,
			);
			defaultConfigurationIsVisible = 0;
			defaultConfigurationName = Release;
		};
		A47327A92FA066AE009B2BC7 /* Build configuration list for PBXNativeTarget "PRLiftsUITests" */ = {
			isa = XCConfigurationList;
			buildConfigurations = (
				A47327AA2FA066AE009B2BC7 /* Debug */,
				A47327AB2FA066AE009B2BC7 /* Release */,
			);
			defaultConfigurationIsVisible = 0;
			defaultConfigurationName = Release;
		};
/* End XCConfigurationList section */

/* Begin XCSwiftPackageProductDependency section */
		A47327AE2FA17E2C009B2BC7 /* PRLiftsCore */ = {
			isa = XCSwiftPackageProductDependency;
			productName = PRLiftsCore;
		};
/* End XCSwiftPackageProductDependency section */
	};
	rootObject = A473277A2FA066AD009B2BC7 /* Project object */;
}
